
Microsoft Visual Studio Solution File, Format Version 12.00
# Visual Studio Version 17
VisualStudioVersion = 17.1.32407.343
MinimumVisualStudioVersion = 10.0.40219.1
Project("{2150E333-8FDC-42A3-9474-1A3956D46DE8}") = "ERP", "ERP", "{30F7F9F8-4E08-4EAD-AE11-026BF0DC0C00}"
EndProject
Project("{2150E333-8FDC-42A3-9474-1A3956D46DE8}") = "01-Presentation", "01-Presentation", "{E584E060-EC7C-4E64-9D5F-6986B173B18B}"
EndProject
Project("{2150E333-8FDC-42A3-9474-1A3956D46DE8}") = "02-Application", "02-Application", "{62EB2278-FD3E-4AC8-904C-324399E4C377}"
EndProject
Project("{2150E333-8FDC-42A3-9474-1A3956D46DE8}") = "03-Domain", "03-Domain", "{A8118BAF-EDD5-4F7D-B77D-0912A1FED4BA}"
EndProject
Project("{2150E333-8FDC-42A3-9474-1A3956D46DE8}") = "04-Infra", "04-Infra", "{730683E0-44AE-4F82-9099-8C8E15A84445}"
EndProject
Project("{2150E333-8FDC-42A3-9474-1A3956D46DE8}") = "05-Tools", "05-Tools", "{6BEDAD4F-6B5B-422F-8941-64E1F5B2E92A}"
EndProject
Project("{FAE04EC0-301F-11D3-BF4B-00C04F79EFBC}") = "Edesoft.ERP.Application", "ERP\02-Application\Edesoft.ERP.Application\Edesoft.ERP.Application.csproj", "{0C8A478B-F2DE-4126-AD62-FF49099F4989}"
EndProject
Project("{FAE04EC0-301F-11D3-BF4B-00C04F79EFBC}") = "Edesoft.ERP.DTO", "ERP\02-Application\Edesoft.ERP.DTO\Edesoft.ERP.DTO.csproj", "{E7AF89BA-2A7E-4C58-9DA3-89AEB787157E}"
EndProject
Project("{FAE04EC0-301F-11D3-BF4B-00C04F79EFBC}") = "Edesoft.ERP.Domain", "ERP\03-Domain\Edesoft.ERP.Domain\Edesoft.ERP.Domain.csproj", "{2305EBEE-47B8-476F-BE2A-86C442246938}"
EndProject
Project("{FAE04EC0-301F-11D3-BF4B-00C04F79EFBC}") = "Edesoft.ERP.Infra.IoC", "ERP\04-Infra\Edesoft.ERP.Infra.IoC\Edesoft.ERP.Infra.IoC.csproj", "{A0562AD9-669A-4A8E-A38C-572A653581C5}"
EndProject
Project("{FAE04EC0-301F-11D3-BF4B-00C04F79EFBC}") = "Edesoft.ERP.Infra.Repositories", "ERP\04-Infra\Edesoft.ERP.Infra.Repositories\Edesoft.ERP.Infra.Repositories.csproj", "{01659654-BB89-49DB-B3E4-4B7C82A2EC17}"
EndProject
Project("{FAE04EC0-301F-11D3-BF4B-00C04F79EFBC}") = "Edesoft.ERP.DTO.Interfaces", "ERP\02-Application\Edesoft.ERP.DTO.Interfaces\Edesoft.ERP.DTO.Interfaces.csproj", "{80F75BE4-C97E-4178-A1CE-4E646CB4DDA3}"
EndProject
Project("{2150E333-8FDC-42A3-9474-1A3956D46DE8}") = "06-Database", "06-Database", "{E6F652C8-0588-4FF9-8427-777CC4A8C208}"
EndProject
Project("{00D1A9C2-B5F0-4AF3-8072-F6C62B433612}") = "Edesoft.ERP.Database.SQLServer", "ERP\06-Database\Edesoft.ERP.Database.SQLServer\Edesoft.ERP.Database.SQLServer.sqlproj", "{6A5B3F89-E976-44BD-B84E-2B6A9A9C0154}"
EndProject
Project("{FAE04EC0-301F-11D3-BF4B-00C04F79EFBC}") = "Edesoft.ERP.Tools", "ERP\05-Tools\Edesoft.ERP.Tools\Edesoft.ERP.Tools.csproj", "{B6ECF273-8315-44CF-A928-01751359DD08}"
EndProject
Project("{FAE04EC0-301F-11D3-BF4B-00C04F79EFBC}") = "Edesoft.ERP.MVC", "ERP\01-Presentation\Edesoft.ERP.MVC\Edesoft.ERP.MVC.csproj", "{462BC259-484B-4BDC-ACDA-AF04FBA98BAF}"
EndProject
Project("{2150E333-8FDC-42A3-9474-1A3956D46DE8}") = "07-Shared", "07-Shared", "{5B5B56DD-AB19-4CF2-BD81-A947EA456C33}"
EndProject
Project("{FAE04EC0-301F-11D3-BF4B-00C04F79EFBC}") = "Edesoft.ERP.Shared", "ERP\07-Shared\Edesoft.ERP.Shared\Edesoft.ERP.Shared.csproj", "{09C96C4C-6040-488C-8779-E8A3AE833EB8}"
EndProject
Project("{FAE04EC0-301F-11D3-BF4B-00C04F79EFBC}") = "Edesoft.ERP.Hangfire", "ERP\01-Presentation\Edesoft.ERP.Hangfire\Edesoft.ERP.Hangfire.csproj", "{551A707E-75EF-4F2B-BB3D-03D78667A1B1}"
EndProject
Global
	GlobalSection(SolutionConfigurationPlatforms) = preSolution
		Debug|Any CPU = Debug|Any CPU
		Release|Any CPU = Release|Any CPU
	EndGlobalSection
	GlobalSection(ProjectConfigurationPlatforms) = postSolution
		{0C8A478B-F2DE-4126-AD62-FF49099F4989}.Debug|Any CPU.ActiveCfg = Debug|Any CPU
		{0C8A478B-F2DE-4126-AD62-FF49099F4989}.Debug|Any CPU.Build.0 = Debug|Any CPU
		{0C8A478B-F2DE-4126-AD62-FF49099F4989}.Release|Any CPU.ActiveCfg = Release|Any CPU
		{0C8A478B-F2DE-4126-AD62-FF49099F4989}.Release|Any CPU.Build.0 = Release|Any CPU
		{E7AF89BA-2A7E-4C58-9DA3-89AEB787157E}.Debug|Any CPU.ActiveCfg = Debug|Any CPU
		{E7AF89BA-2A7E-4C58-9DA3-89AEB787157E}.Debug|Any CPU.Build.0 = Debug|Any CPU
		{E7AF89BA-2A7E-4C58-9DA3-89AEB787157E}.Release|Any CPU.ActiveCfg = Release|Any CPU
		{E7AF89BA-2A7E-4C58-9DA3-89AEB787157E}.Release|Any CPU.Build.0 = Release|Any CPU
		{2305EBEE-47B8-476F-BE2A-86C442246938}.Debug|Any CPU.ActiveCfg = Debug|Any CPU
		{2305EBEE-47B8-476F-BE2A-86C442246938}.Debug|Any CPU.Build.0 = Debug|Any CPU
		{2305EBEE-47B8-476F-BE2A-86C442246938}.Release|Any CPU.ActiveCfg = Release|Any CPU
		{2305EBEE-47B8-476F-BE2A-86C442246938}.Release|Any CPU.Build.0 = Release|Any CPU
		{A0562AD9-669A-4A8E-A38C-572A653581C5}.Debug|Any CPU.ActiveCfg = Debug|Any CPU
		{A0562AD9-669A-4A8E-A38C-572A653581C5}.Debug|Any CPU.Build.0 = Debug|Any CPU
		{A0562AD9-669A-4A8E-A38C-572A653581C5}.Release|Any CPU.ActiveCfg = Release|Any CPU
		{A0562AD9-669A-4A8E-A38C-572A653581C5}.Release|Any CPU.Build.0 = Release|Any CPU
		{01659654-BB89-49DB-B3E4-4B7C82A2EC17}.Debug|Any CPU.ActiveCfg = Debug|Any CPU
		{01659654-BB89-49DB-B3E4-4B7C82A2EC17}.Debug|Any CPU.Build.0 = Debug|Any CPU
		{01659654-BB89-49DB-B3E4-4B7C82A2EC17}.Release|Any CPU.ActiveCfg = Release|Any CPU
		{01659654-BB89-49DB-B3E4-4B7C82A2EC17}.Release|Any CPU.Build.0 = Release|Any CPU
		{80F75BE4-C97E-4178-A1CE-4E646CB4DDA3}.Debug|Any CPU.ActiveCfg = Debug|Any CPU
		{80F75BE4-C97E-4178-A1CE-4E646CB4DDA3}.Debug|Any CPU.Build.0 = Debug|Any CPU
		{80F75BE4-C97E-4178-A1CE-4E646CB4DDA3}.Release|Any CPU.ActiveCfg = Release|Any CPU
		{80F75BE4-C97E-4178-A1CE-4E646CB4DDA3}.Release|Any CPU.Build.0 = Release|Any CPU
		{6A5B3F89-E976-44BD-B84E-2B6A9A9C0154}.Debug|Any CPU.ActiveCfg = Debug|Any CPU
		{6A5B3F89-E976-44BD-B84E-2B6A9A9C0154}.Debug|Any CPU.Deploy.0 = Debug|Any CPU
		{6A5B3F89-E976-44BD-B84E-2B6A9A9C0154}.Release|Any CPU.ActiveCfg = Release|Any CPU
		{6A5B3F89-E976-44BD-B84E-2B6A9A9C0154}.Release|Any CPU.Deploy.0 = Release|Any CPU
		{B6ECF273-8315-44CF-A928-01751359DD08}.Debug|Any CPU.ActiveCfg = Debug|Any CPU
		{B6ECF273-8315-44CF-A928-01751359DD08}.Debug|Any CPU.Build.0 = Debug|Any CPU
		{B6ECF273-8315-44CF-A928-01751359DD08}.Release|Any CPU.ActiveCfg = Release|Any CPU
		{B6ECF273-8315-44CF-A928-01751359DD08}.Release|Any CPU.Build.0 = Release|Any CPU
		{462BC259-484B-4BDC-ACDA-AF04FBA98BAF}.Debug|Any CPU.ActiveCfg = Debug|Any CPU
		{462BC259-484B-4BDC-ACDA-AF04FBA98BAF}.Debug|Any CPU.Build.0 = Debug|Any CPU
		{462BC259-484B-4BDC-ACDA-AF04FBA98BAF}.Release|Any CPU.ActiveCfg = Release|Any CPU
		{462BC259-484B-4BDC-ACDA-AF04FBA98BAF}.Release|Any CPU.Build.0 = Release|Any CPU
		{09C96C4C-6040-488C-8779-E8A3AE833EB8}.Debug|Any CPU.ActiveCfg = Debug|Any CPU
		{09C96C4C-6040-488C-8779-E8A3AE833EB8}.Debug|Any CPU.Build.0 = Debug|Any CPU
		{09C96C4C-6040-488C-8779-E8A3AE833EB8}.Release|Any CPU.ActiveCfg = Release|Any CPU
		{09C96C4C-6040-488C-8779-E8A3AE833EB8}.Release|Any CPU.Build.0 = Release|Any CPU
		{551A707E-75EF-4F2B-BB3D-03D78667A1B1}.Debug|Any CPU.ActiveCfg = Debug|Any CPU
		{551A707E-75EF-4F2B-BB3D-03D78667A1B1}.Debug|Any CPU.Build.0 = Debug|Any CPU
		{551A707E-75EF-4F2B-BB3D-03D78667A1B1}.Release|Any CPU.ActiveCfg = Release|Any CPU
		{551A707E-75EF-4F2B-BB3D-03D78667A1B1}.Release|Any CPU.Build.0 = Release|Any CPU
	EndGlobalSection
	GlobalSection(SolutionProperties) = preSolution
		HideSolutionNode = FALSE
	EndGlobalSection
	GlobalSection(NestedProjects) = preSolution
		{E584E060-EC7C-4E64-9D5F-6986B173B18B} = {30F7F9F8-4E08-4EAD-AE11-026BF0DC0C00}
		{62EB2278-FD3E-4AC8-904C-324399E4C377} = {30F7F9F8-4E08-4EAD-AE11-026BF0DC0C00}
		{A8118BAF-EDD5-4F7D-B77D-0912A1FED4BA} = {30F7F9F8-4E08-4EAD-AE11-026BF0DC0C00}
		{730683E0-44AE-4F82-9099-8C8E15A84445} = {30F7F9F8-4E08-4EAD-AE11-026BF0DC0C00}
		{6BEDAD4F-6B5B-422F-8941-64E1F5B2E92A} = {30F7F9F8-4E08-4EAD-AE11-026BF0DC0C00}
		{0C8A478B-F2DE-4126-AD62-FF49099F4989} = {62EB2278-FD3E-4AC8-904C-324399E4C377}
		{E7AF89BA-2A7E-4C58-9DA3-89AEB787157E} = {62EB2278-FD3E-4AC8-904C-324399E4C377}
		{2305EBEE-47B8-476F-BE2A-86C442246938} = {A8118BAF-EDD5-4F7D-B77D-0912A1FED4BA}
		{A0562AD9-669A-4A8E-A38C-572A653581C5} = {730683E0-44AE-4F82-9099-8C8E15A84445}
		{01659654-BB89-49DB-B3E4-4B7C82A2EC17} = {730683E0-44AE-4F82-9099-8C8E15A84445}
		{80F75BE4-C97E-4178-A1CE-4E646CB4DDA3} = {62EB2278-FD3E-4AC8-904C-324399E4C377}
		{E6F652C8-0588-4FF9-8427-777CC4A8C208} = {30F7F9F8-4E08-4EAD-AE11-026BF0DC0C00}
		{6A5B3F89-E976-44BD-B84E-2B6A9A9C0154} = {E6F652C8-0588-4FF9-8427-777CC4A8C208}
		{B6ECF273-8315-44CF-A928-01751359DD08} = {6BEDAD4F-6B5B-422F-8941-64E1F5B2E92A}
		{462BC259-484B-4BDC-ACDA-AF04FBA98BAF} = {E584E060-EC7C-4E64-9D5F-6986B173B18B}
		{5B5B56DD-AB19-4CF2-BD81-A947EA456C33} = {30F7F9F8-4E08-4EAD-AE11-026BF0DC0C00}
		{09C96C4C-6040-488C-8779-E8A3AE833EB8} = {5B5B56DD-AB19-4CF2-BD81-A947EA456C33}
		{551A707E-75EF-4F2B-BB3D-03D78667A1B1} = {E584E060-EC7C-4E64-9D5F-6986B173B18B}
	EndGlobalSection
	GlobalSection(ExtensibilityGlobals) = postSolution
		SolutionGuid = {FA90CAC6-BB63-47B2-BBE3-A3EE2DFE7425}
	EndGlobalSection
EndGlobal
